// !$*UTF8*$!
{
	archiveVersion = 1;
	classes = {
	};
	objectVersion = 56;
	objects = {

/* Begin PBXBuildFile section */
		4C1803372AD109E00057E479 /* ExpenseCardView.swift in Sources */ = {isa = PBXBuildFile; fileRef = 4C1803362AD109E00057E479 /* ExpenseCardView.swift */; };
		4CA774372AD083B00065A609 /* BuckWiseApp.swift in Sources */ = {isa = PBXBuildFile; fileRef = 4CA774362AD083B00065A609 /* BuckWiseApp.swift */; };
		4CA774392AD083B00065A609 /* ContentView.swift in Sources */ = {isa = PBXBuildFile; fileRef = 4CA774382AD083B00065A609 /* ContentView.swift */; };
		4CA7743B2AD083B10065A609 /* Assets.xcassets in Resources */ = {isa = PBXBuildFile; fileRef = 4CA7743A2AD083B10065A609 /* Assets.xcassets */; };
		4CA7743E2AD083B10065A609 /* Preview Assets.xcassets in Resources */ = {isa = PBXBuildFile; fileRef = 4CA7743D2AD083B10065A609 /* Preview Assets.xcassets */; };
		4CA774472AD0840A0065A609 /* Expense.swift in Sources */ = {isa = PBXBuildFile; fileRef = 4CA774462AD0840A0065A609 /* Expense.swift */; };
		4CA774492AD085CC0065A609 /* Category.swift in Sources */ = {isa = PBXBuildFile; fileRef = 4CA774482AD085CC0065A609 /* Category.swift */; };
		4CA7744B2AD087E20065A609 /* ExpensesView.swift in Sources */ = {isa = PBXBuildFile; fileRef = 4CA7744A2AD087E20065A609 /* ExpensesView.swift */; };
		4CA7744D2AD087F70065A609 /* CategoriesView.swift in Sources */ = {isa = PBXBuildFile; fileRef = 4CA7744C2AD087F70065A609 /* CategoriesView.swift */; };
		4CA7744F2AD08EEB0065A609 /* GroupedExpense.swift in Sources */ = {isa = PBXBuildFile; fileRef = 4CA7744E2AD08EEB0065A609 /* GroupedExpense.swift */; };
		4CA774512AD09A0E0065A609 /* AddExpenseView.swift in Sources */ = {isa = PBXBuildFile; fileRef = 4CA774502AD09A0E0065A609 /* AddExpenseView.swift */; };
/* End PBXBuildFile section */

/* Begin PBXFileReference section */
		4C1803362AD109E00057E479 /* ExpenseCardView.swift */ = {isa = PBXFileReference; lastKnownFileType = sourcecode.swift; path = ExpenseCardView.swift; sourceTree = "<group>"; };
		4CA774332AD083B00065A609 /* BuckWise.app */ = {isa = PBXFileReference; explicitFileType = wrapper.application; includeInIndex = 0; path = BuckWise.app; sourceTree = BUILT_PRODUCTS_DIR; };
		4CA774362AD083B00065A609 /* BuckWiseApp.swift */ = {isa = PBXFileReference; lastKnownFileType = sourcecode.swift; path = BuckWiseApp.swift; sourceTree = "<group>"; };
		4CA774382AD083B00065A609 /* ContentView.swift */ = {isa = PBXFileReference; lastKnownFileType = sourcecode.swift; path = ContentView.swift; sourceTree = "<group>"; };
		4CA7743A2AD083B10065A609 /* Assets.xcassets */ = {isa = PBXFileReference; lastKnownFileType = folder.assetcatalog; path = Assets.xcassets; sourceTree = "<group>"; };
		4CA7743D2AD083B10065A609 /* Preview Assets.xcassets */ = {isa = PBXFileReference; lastKnownFileType = folder.assetcatalog; path = "Preview Assets.xcassets"; sourceTree = "<group>"; };
		4CA774462AD0840A0065A609 /* Expense.swift */ = {isa = PBXFileReference; lastKnownFileType = sourcecode.swift; path = Expense.swift; sourceTree = "<group>"; };
		4CA774482AD085CC0065A609 /* Category.swift */ = {isa = PBXFileReference; lastKnownFileType = sourcecode.swift; path = Category.swift; sourceTree = "<group>"; };
		4CA7744A2AD087E20065A609 /* ExpensesView.swift */ = {isa = PBXFileReference; lastKnownFileType = sourcecode.swift; path = ExpensesView.swift; sourceTree = "<group>"; };
		4CA7744C2AD087F70065A609 /* CategoriesView.swift */ = {isa = PBXFileReference; lastKnownFileType = sourcecode.swift; path = CategoriesView.swift; sourceTree = "<group>"; };
		4CA7744E2AD08EEB0065A609 /* GroupedExpense.swift */ = {isa = PBXFileReference; lastKnownFileType = sourcecode.swift; path = GroupedExpense.swift; sourceTree = "<group>"; };
		4CA774502AD09A0E0065A609 /* AddExpenseView.swift */ = {isa = PBXFileReference; lastKnownFileType = sourcecode.swift; path = AddExpenseView.swift; sourceTree = "<group>"; };
/* End PBXFileReference section */

/* Begin PBXFrameworksBuildPhase section */
		4CA774302AD083B00065A609 /* Frameworks */ = {
			isa = PBXFrameworksBuildPhase;
			buildActionMask = 2147483647;
			files = (
			);
			runOnlyForDeploymentPostprocessing = 0;
		};
/* End PBXFrameworksBuildPhase section */

/* Begin PBXGroup section */
		4CA7742A2AD083B00065A609 = {
			isa = PBXGroup;
			children = (
				4CA774352AD083B00065A609 /* BuckWise */,
				4CA774342AD083B00065A609 /* Products */,
			);
			sourceTree = "<group>";
		};
		4CA774342AD083B00065A609 /* Products */ = {
			isa = PBXGroup;
			children = (
				4CA774332AD083B00065A609 /* BuckWise.app */,
			);
			name = Products;
			sourceTree = "<group>";
		};
		4CA774352AD083B00065A609 /* BuckWise */ = {
			isa = PBXGroup;
			children = (
				4CA774452AD083EC0065A609 /* Model */,
				4CA774442AD083E30065A609 /* View */,
				4CA774362AD083B00065A609 /* BuckWiseApp.swift */,
				4CA774382AD083B00065A609 /* ContentView.swift */,
				4CA7743A2AD083B10065A609 /* Assets.xcassets */,
				4CA7743C2AD083B10065A609 /* Preview Content */,
			);
			path = BuckWise;
			sourceTree = "<group>";
		};
		4CA7743C2AD083B10065A609 /* Preview Content */ = {
			isa = PBXGroup;
			children = (
				4CA7743D2AD083B10065A609 /* Preview Assets.xcassets */,
			);
			path = "Preview Content";
			sourceTree = "<group>";
		};
		4CA774442AD083E30065A609 /* View */ = {
			isa = PBXGroup;
			children = (
				4CA7744A2AD087E20065A609 /* ExpensesView.swift */,
				4CA7744C2AD087F70065A609 /* CategoriesView.swift */,
				4CA774502AD09A0E0065A609 /* AddExpenseView.swift */,
				4C1803362AD109E00057E479 /* ExpenseCardView.swift */,
			);
			path = View;
			sourceTree = "<group>";
		};
		4CA774452AD083EC0065A609 /* Model */ = {
			isa = PBXGroup;
			children = (
				4CA774462AD0840A0065A609 /* Expense.swift */,
				4CA774482AD085CC0065A609 /* Category.swift */,
				4CA7744E2AD08EEB0065A609 /* GroupedExpense.swift */,
			);
			path = Model;
			sourceTree = "<group>";
		};
/* End PBXGroup section */

/* Begin PBXNativeTarget section */
		4CA774322AD083B00065A609 /* BuckWise */ = {
			isa = PBXNativeTarget;
			buildConfigurationList = 4CA774412AD083B10065A609 /* Build configuration list for PBXNativeTarget "BuckWise" */;
			buildPhases = (
				4CA7742F2AD083B00065A609 /* Sources */,
				4CA774302AD083B00065A609 /* Frameworks */,
				4CA774312AD083B00065A609 /* Resources */,
			);
			buildRules = (
			);
			dependencies = (
			);
			name = BuckWise;
			productName = BuckWise;
			productReference = 4CA774332AD083B00065A609 /* BuckWise.app */;
			productType = "com.apple.product-type.application";
		};
/* End PBXNativeTarget section */

/* Begin PBXProject section */
		4CA7742B2AD083B00065A609 /* Project object */ = {
			isa = PBXProject;
			attributes = {
				BuildIndependentTargetsInParallel = 1;
				LastSwiftUpdateCheck = 1500;
				LastUpgradeCheck = 1500;
				TargetAttributes = {
					4CA774322AD083B00065A609 = {
						CreatedOnToolsVersion = 15.0;
					};
				};
			};
			buildConfigurationList = 4CA7742E2AD083B00065A609 /* Build configuration list for PBXProject "BuckWise" */;
			compatibilityVersion = "Xcode 14.0";
			developmentRegion = en;
			hasScannedForEncodings = 0;
			knownRegions = (
				en,
				Base,
			);
			mainGroup = 4CA7742A2AD083B00065A609;
			productRefGroup = 4CA774342AD083B00065A609 /* Products */;
			projectDirPath = "";
			projectRoot = "";
			targets = (
				4CA774322AD083B00065A609 /* BuckWise */,
			);
		};
/* End PBXProject section */

/* Begin PBXResourcesBuildPhase section */
		4CA774312AD083B00065A609 /* Resources */ = {
			isa = PBXResourcesBuildPhase;
			buildActionMask = 2147483647;
			files = (
				4CA7743E2AD083B10065A609 /* Preview Assets.xcassets in Resources */,
				4CA7743B2AD083B10065A609 /* Assets.xcassets in Resources */,
			);
			runOnlyForDeploymentPostprocessing = 0;
		};
/* End PBXResourcesBuildPhase section */

/* Begin PBXSourcesBuildPhase section */
		4CA7742F2AD083B00065A609 /* Sources */ = {
			isa = PBXSourcesBuildPhase;
			buildActionMask = 2147483647;
			files = (
				4CA774472AD0840A0065A609 /* Expense.swift in Sources */,
				4CA774392AD083B00065A609 /* ContentView.swift in Sources */,
				4CA7744F2AD08EEB0065A609 /* GroupedExpense.swift in Sources */,
				4CA774512AD09A0E0065A609 /* AddExpenseView.swift in Sources */,
				4C1803372AD109E00057E479 /* ExpenseCardView.swift in Sources */,
				4CA7744D2AD087F70065A609 /* CategoriesView.swift in Sources */,
				4CA774372AD083B00065A609 /* BuckWiseApp.swift in Sources */,
				4CA7744B2AD087E20065A609 /* ExpensesView.swift in Sources */,
				4CA774492AD085CC0065A609 /* Category.swift in Sources */,
			);
			runOnlyForDeploymentPostprocessing = 0;
		};
/* End PBXSourcesBuildPhase section */

/* Begin XCBuildConfiguration section */
		4CA7743F2AD083B10065A609 /* Debug */ = {
			isa = XCBuildConfiguration;
			buildSettings = {
				ALWAYS_SEARCH_USER_PATHS = NO;
				ASSETCATALOG_COMPILER_GENERATE_SWIFT_ASSET_SYMBOL_EXTENSIONS = YES;
				CLANG_ANALYZER_NONNULL = YES;
				CLANG_ANALYZER_NUMBER_OBJECT_CONVERSION = YES_AGGRESSIVE;
				CLANG_CXX_LANGUAGE_STANDARD = "gnu++20";
				CLANG_ENABLE_MODULES = YES;
				CLANG_ENABLE_OBJC_ARC = YES;
				CLANG_ENABLE_OBJC_WEAK = YES;
				CLANG_WARN_BLOCK_CAPTURE_AUTORELEASING = YES;
				CLANG_WARN_BOOL_CONVERSION = YES;
				CLANG_WARN_COMMA = YES;
				CLANG_WARN_CONSTANT_CONVERSION = YES;
				CLANG_WARN_DEPRECATED_OBJC_IMPLEMENTATIONS = YES;
				CLANG_WARN_DIRECT_OBJC_ISA_USAGE = YES_ERROR;
				CLANG_WARN_DOCUMENTATION_COMMENTS = YES;
				CLANG_WARN_EMPTY_BODY = YES;
				CLANG_WARN_ENUM_CONVERSION = YES;
				CLANG_WARN_INFINITE_RECURSION = YES;
				CLANG_WARN_INT_CONVERSION = YES;
				CLANG_WARN_NON_LITERAL_NULL_CONVERSION = YES;
				CLANG_WARN_OBJC_IMPLICIT_RETAIN_SELF = YES;
				CLANG_WARN_OBJC_LITERAL_CONVERSION = YES;
				CLANG_WARN_OBJC_ROOT_CLASS = YES_ERROR;
				CLANG_WARN_QUOTED_INCLUDE_IN_FRAMEWORK_HEADER = YES;
				CLANG_WARN_RANGE_LOOP_ANALYSIS = YES;
				CLANG_WARN_STRICT_PROTOTYPES = YES;
				CLANG_WARN_SUSPICIOUS_MOVE = YES;
				CLANG_WARN_UNGUARDED_AVAILABILITY = YES_AGGRESSIVE;
				CLANG_WARN_UNREACHABLE_CODE = YES;
				CLANG_WARN__DUPLICATE_METHOD_MATCH = YES;
				COPY_PHASE_STRIP = NO;
				DEBUG_INFORMATION_FORMAT = dwarf;
				ENABLE_STRICT_OBJC_MSGSEND = YES;
				ENABLE_TESTABILITY = YES;
				ENABLE_USER_SCRIPT_SANDBOXING = YES;
				GCC_C_LANGUAGE_STANDARD = gnu17;
				GCC_DYNAMIC_NO_PIC = NO;
				GCC_NO_COMMON_BLOCKS = YES;
				GCC_OPTIMIZATION_LEVEL = 0;
				GCC_PREPROCESSOR_DEFINITIONS = (
					"DEBUG=1",
					"$(inherited)",
				);
				GCC_WARN_64_TO_32_BIT_CONVERSION = YES;
				GCC_WARN_ABOUT_RETURN_TYPE = YES_ERROR;
				GCC_WARN_UNDECLARED_SELECTOR = YES;
				GCC_WARN_UNINITIALIZED_AUTOS = YES_AGGRESSIVE;
				GCC_WARN_UNUSED_FUNCTION = YES;
				GCC_WARN_UNUSED_VARIABLE = YES;
				IPHONEOS_DEPLOYMENT_TARGET = 17.0;
				LOCALIZATION_PREFERS_STRING_CATALOGS = YES;
				MTL_ENABLE_DEBUG_INFO = INCLUDE_SOURCE;
				MTL_FAST_MATH = YES;
				ONLY_ACTIVE_ARCH = YES;
				SDKROOT = iphoneos;
				SWIFT_ACTIVE_COMPILATION_CONDITIONS = "DEBUG $(inherited)";
				SWIFT_OPTIMIZATION_LEVEL = "-Onone";
			};
			name = Debug;
		};
		4CA774402AD083B10065A609 /* Release */ = {
			isa = XCBuildConfiguration;
			buildSettings = {
				ALWAYS_SEARCH_USER_PATHS = NO;
				ASSETCATALOG_COMPILER_GENERATE_SWIFT_ASSET_SYMBOL_EXTENSIONS = YES;
				CLANG_ANALYZER_NONNULL = YES;
				CLANG_ANALYZER_NUMBER_OBJECT_CONVERSION = YES_AGGRESSIVE;
				CLANG_CXX_LANGUAGE_STANDARD = "gnu++20";
				CLANG_ENABLE_MODULES = YES;
				CLANG_ENABLE_OBJC_ARC = YES;
				CLANG_ENABLE_OBJC_WEAK = YES;
				CLANG_WARN_BLOCK_CAPTURE_AUTORELEASING = YES;
				CLANG_WARN_BOOL_CONVERSION = YES;
				CLANG_WARN_COMMA = YES;
				CLANG_WARN_CONSTANT_CONVERSION = YES;
				CLANG_WARN_DEPRECATED_OBJC_IMPLEMENTATIONS = YES;
				CLANG_WARN_DIRECT_OBJC_ISA_USAGE = YES_ERROR;
				CLANG_WARN_DOCUMENTATION_COMMENTS = YES;
				CLANG_WARN_EMPTY_BODY = YES;
				CLANG_WARN_ENUM_CONVERSION = YES;
				CLANG_WARN_INFINITE_RECURSION = YES;
				CLANG_WARN_INT_CONVERSION = YES;
				CLANG_WARN_NON_LITERAL_NULL_CONVERSION = YES;
				CLANG_WARN_OBJC_IMPLICIT_RETAIN_SELF = YES;
				CLANG_WARN_OBJC_LITERAL_CONVERSION = YES;
				CLANG_WARN_OBJC_ROOT_CLASS = YES_ERROR;
				CLANG_WARN_QUOTED_INCLUDE_IN_FRAMEWORK_HEADER = YES;
				CLANG_WARN_RANGE_LOOP_ANALYSIS = YES;
				CLANG_WARN_STRICT_PROTOTYPES = YES;
				CLANG_WARN_SUSPICIOUS_MOVE = YES;
				CLANG_WARN_UNGUARDED_AVAILABILITY = YES_AGGRESSIVE;
				CLANG_WARN_UNREACHABLE_CODE = YES;
				CLANG_WARN__DUPLICATE_METHOD_MATCH = YES;
				COPY_PHASE_STRIP = NO;
				DEBUG_INFORMATION_FORMAT = "dwarf-with-dsym";
				ENABLE_NS_ASSERTIONS = NO;
				ENABLE_STRICT_OBJC_MSGSEND = YES;
				ENABLE_USER_SCRIPT_SANDBOXING = YES;
				GCC_C_LANGUAGE_STANDARD = gnu17;
				GCC_NO_COMMON_BLOCKS = YES;
				GCC_WARN_64_TO_32_BIT_CONVERSION = YES;
				GCC_WARN_ABOUT_RETURN_TYPE = YES_ERROR;
				GCC_WARN_UNDECLARED_SELECTOR = YES;
				GCC_WARN_UNINITIALIZED_AUTOS = YES_AGGRESSIVE;
				GCC_WARN_UNUSED_FUNCTION = YES;
				GCC_WARN_UNUSED_VARIABLE = YES;
				IPHONEOS_DEPLOYMENT_TARGET = 17.0;
				LOCALIZATION_PREFERS_STRING_CATALOGS = YES;
				MTL_ENABLE_DEBUG_INFO = NO;
				MTL_FAST_MATH = YES;
				SDKROOT = iphoneos;
				SWIFT_COMPILATION_MODE = wholemodule;
				VALIDATE_PRODUCT = YES;
			};
			name = Release;
		};
		4CA774422AD083B10065A609 /* Debug */ = {
			isa = XCBuildConfiguration;
			buildSettings = {
				ASSETCATALOG_COMPILER_APPICON_NAME = AppIcon;
				ASSETCATALOG_COMPILER_GLOBAL_ACCENT_COLOR_NAME = AccentColor;
				CODE_SIGN_IDENTITY = "Apple Development";
				CODE_SIGN_STYLE = Automatic;
				CURRENT_PROJECT_VERSION = 1;
				DEVELOPMENT_ASSET_PATHS = "\"BuckWise/Preview Content\"";
				DEVELOPMENT_TEAM = 8L58N86QT7;
				ENABLE_PREVIEWS = YES;
				GENERATE_INFOPLIST_FILE = YES;
				INFOPLIST_KEY_CFBundleDisplayName = BuckWise;
				INFOPLIST_KEY_LSApplicationCategoryType = "public.app-category.finance";
				INFOPLIST_KEY_UIApplicationSceneManifest_Generation = YES;
				INFOPLIST_KEY_UIApplicationSupportsIndirectInputEvents = YES;
				INFOPLIST_KEY_UILaunchScreen_Generation = YES;
				INFOPLIST_KEY_UISupportedInterfaceOrientations_iPad = "UIInterfaceOrientationPortrait UIInterfaceOrientationPortraitUpsideDown UIInterfaceOrientationLandscapeLeft UIInterfaceOrientationLandscapeRight";
				INFOPLIST_KEY_UISupportedInterfaceOrientations_iPhone = "UIInterfaceOrientationPortrait UIInterfaceOrientationLandscapeLeft UIInterfaceOrientationLandscapeRight";
				IPHONEOS_DEPLOYMENT_TARGET = 17.0;
				LD_RUNPATH_SEARCH_PATHS = (
					"$(inherited)",
					"@executable_path/Frameworks",
				);
				MARKETING_VERSION = 1.0;
				PRODUCT_BUNDLE_IDENTIFIER = "com.dev-buckwise.BuckWise1";
				PRODUCT_NAME = "$(TARGET_NAME)";
				PROVISIONING_PROFILE_SPECIFIER = "";
				SWIFT_EMIT_LOC_STRINGS = YES;
				SWIFT_VERSION = 5.0;
				TARGETED_DEVICE_FAMILY = "1,2";
			};
			name = Debug;
		};
		4CA774432AD083B10065A609 /* Release */ = {
			isa = XCBuildConfiguration;
			buildSettings = {
				ASSETCATALOG_COMPILER_APPICON_NAME = AppIcon;
				ASSETCATALOG_COMPILER_GLOBAL_ACCENT_COLOR_NAME = AccentColor;
				CODE_SIGN_IDENTITY = "Apple Development";
				CODE_SIGN_STYLE = Automatic;
				CURRENT_PROJECT_VERSION = 1;
				DEVELOPMENT_ASSET_PATHS = "\"BuckWise/Preview Content\"";
				DEVELOPMENT_TEAM = 8L58N86QT7;
				ENABLE_PREVIEWS = YES;
				GENERATE_INFOPLIST_FILE = YES;
				INFOPLIST_KEY_CFBundleDisplayName = BuckWise;
				INFOPLIST_KEY_LSApplicationCategoryType = "public.app-category.finance";
				INFOPLIST_KEY_UIApplicationSceneManifest_Generation = YES;
				INFOPLIST_KEY_UIApplicationSupportsIndirectInputEvents = YES;
				INFOPLIST_KEY_UILaunchScreen_Generation = YES;
				INFOPLIST_KEY_UISupportedInterfaceOrientations_iPad = "UIInterfaceOrientationPortrait UIInterfaceOrientationPortraitUpsideDown UIInterfaceOrientationLandscapeLeft UIInterfaceOrientationLandscapeRight";
				INFOPLIST_KEY_UISupportedInterfaceOrientations_iPhone = "UIInterfaceOrientationPortrait UIInterfaceOrientationLandscapeLeft UIInterfaceOrientationLandscapeRight";
				IPHONEOS_DEPLOYMENT_TARGET = 17.0;
				LD_RUNPATH_SEARCH_PATHS = (
					"$(inherited)",
					"@executable_path/Frameworks",
				);
				MARKETING_VERSION = 1.0;
				PRODUCT_BUNDLE_IDENTIFIER = "com.dev-buckwise.BuckWise1";
				PRODUCT_NAME = "$(TARGET_NAME)";
				PROVISIONING_PROFILE_SPECIFIER = "";
				SWIFT_EMIT_LOC_STRINGS = YES;
				SWIFT_VERSION = 5.0;
				TARGETED_DEVICE_FAMILY = "1,2";
			};
			name = Release;
		};
/* End XCBuildConfiguration section */

/* Begin XCConfigurationList section */
		4CA7742E2AD083B00065A609 /* Build configuration list for PBXProject "BuckWise" */ = {
			isa = XCConfigurationList;
			buildConfigurations = (
				4CA7743F2AD083B10065A609 /* Debug */,
				4CA774402AD083B10065A609 /* Release */,
			);
			defaultConfigurationIsVisible = 0;
			defaultConfigurationName = Release;
		};
		4CA774412AD083B10065A609 /* Build configuration list for PBXNativeTarget "BuckWise" */ = {
			isa = XCConfigurationList;
			buildConfigurations = (
				4CA774422AD083B10065A609 /* Debug */,
				4CA774432AD083B10065A609 /* Release */,
			);
			defaultConfigurationIsVisible = 0;
			defaultConfigurationName = Release;
		};
/* End XCConfigurationList section */
	};
	rootObject = 4CA7742B2AD083B00065A609 /* Project object */;
}
